// !$*UTF8*$!
{
	archiveVersion = 1;
	classes = {
	};
	objectVersion = 46;
	objects = {

/* Begin PBXBuildFile section */
		22BBF0C61EFD45BD00B5ECD4 /* AppDelegate.swift in Sources */ = {isa = PBXBuildFile; fileRef = 22BBF0C51EFD45BD00B5ECD4 /* AppDelegate.swift */; };
		22BBF0C81EFD45BD00B5ECD4 /* ViewController.swift in Sources */ = {isa = PBXBuildFile; fileRef = 22BBF0C71EFD45BD00B5ECD4 /* ViewController.swift */; };
		22BBF0CB1EFD45BD00B5ECD4 /* Main.storyboard in Resources */ = {isa = PBXBuildFile; fileRef = 22BBF0C91EFD45BD00B5ECD4 /* Main.storyboard */; };
		22BBF0CD1EFD45BD00B5ECD4 /* Assets.xcassets in Resources */ = {isa = PBXBuildFile; fileRef = 22BBF0CC1EFD45BD00B5ECD4 /* Assets.xcassets */; };
		22BBF0D01EFD45BD00B5ECD4 /* LaunchScreen.storyboard in Resources */ = {isa = PBXBuildFile; fileRef = 22BBF0CE1EFD45BD00B5ECD4 /* LaunchScreen.storyboard */; };
		22BBF0DB1EFD45BE00B5ECD4 /* PHPWebServiceSwiftTests.swift in Sources */ = {isa = PBXBuildFile; fileRef = 22BBF0DA1EFD45BE00B5ECD4 /* PHPWebServiceSwiftTests.swift */; };
		22BBF0E61EFD45BE00B5ECD4 /* PHPWebServiceSwiftUITests.swift in Sources */ = {isa = PBXBuildFile; fileRef = 22BBF0E51EFD45BE00B5ECD4 /* PHPWebServiceSwiftUITests.swift */; };
/* End PBXBuildFile section */

/* Begin PBXContainerItemProxy section */
		22BBF0D71EFD45BE00B5ECD4 /* PBXContainerItemProxy */ = {
			isa = PBXContainerItemProxy;
			containerPortal = 22BBF0BA1EFD45BD00B5ECD4 /* Project object */;
			proxyType = 1;
			remoteGlobalIDString = 22BBF0C11EFD45BD00B5ECD4;
			remoteInfo = PHPWebServiceSwift;
		};
		22BBF0E21EFD45BE00B5ECD4 /* PBXContainerItemProxy */ = {
			isa = PBXContainerItemProxy;
			containerPortal = 22BBF0BA1EFD45BD00B5ECD4 /* Project object */;
			proxyType = 1;
			remoteGlobalIDString = 22BBF0C11EFD45BD00B5ECD4;
			remoteInfo = PHPWebServiceSwift;
		};
/* End PBXContainerItemProxy section */

/* Begin PBXFileReference section */
		22BBF0C21EFD45BD00B5ECD4 /* PHPWebServiceSwift.app */ = {isa = PBXFileReference; explicitFileType = wrapper.application; includeInIndex = 0; path = PHPWebServiceSwift.app; sourceTree = BUILT_PRODUCTS_DIR; };
		22BBF0C51EFD45BD00B5ECD4 /* AppDelegate.swift */ = {isa = PBXFileReference; lastKnownFileType = sourcecode.swift; path = AppDelegate.swift; sourceTree = "<group>"; };
		22BBF0C71EFD45BD00B5ECD4 /* ViewController.swift */ = {isa = PBXFileReference; lastKnownFileType = sourcecode.swift; path = ViewController.swift; sourceTree = "<group>"; };
		22BBF0CA1EFD45BD00B5ECD4 /* Base */ = {isa = PBXFileReference; lastKnownFileType = file.storyboard; name = Base; path = Base.lproj/Main.storyboard; sourceTree = "<group>"; };
		22BBF0CC1EFD45BD00B5ECD4 /* Assets.xcassets */ = {isa = PBXFileReference; lastKnownFileType = folder.assetcatalog; path = Assets.xcassets; sourceTree = "<group>"; };
		22BBF0CF1EFD45BD00B5ECD4 /* Base */ = {isa = PBXFileReference; lastKnownFileType = file.storyboard; name = Base; path = Base.lproj/LaunchScreen.storyboard; sourceTree = "<group>"; };
		22BBF0D11EFD45BD00B5ECD4 /* Info.plist */ = {isa = PBXFileReference; lastKnownFileType = text.plist.xml; path = Info.plist; sourceTree = "<group>"; };
		22BBF0D61EFD45BE00B5ECD4 /* PHPWebServiceSwiftTests.xctest */ = {isa = PBXFileReference; explicitFileType = wrapper.cfbundle; includeInIndex = 0; path = PHPWebServiceSwiftTests.xctest; sourceTree = BUILT_PRODUCTS_DIR; };
		22BBF0DA1EFD45BE00B5ECD4 /* PHPWebServiceSwiftTests.swift */ = {isa = PBXFileReference; lastKnownFileType = sourcecode.swift; path = PHPWebServiceSwiftTests.swift; sourceTree = "<group>"; };
		22BBF0DC1EFD45BE00B5ECD4 /* Info.plist */ = {isa = PBXFileReference; lastKnownFileType = text.plist.xml; path = Info.plist; sourceTree = "<group>"; };
		22BBF0E11EFD45BE00B5ECD4 /* PHPWebServiceSwiftUITests.xctest */ = {isa = PBXFileReference; explicitFileType = wrapper.cfbundle; includeInIndex = 0; path = PHPWebServiceSwiftUITests.xctest; sourceTree = BUILT_PRODUCTS_DIR; };
		22BBF0E51EFD45BE00B5ECD4 /* PHPWebServiceSwiftUITests.swift */ = {isa = PBXFileReference; lastKnownFileType = sourcecode.swift; path = PHPWebServiceSwiftUITests.swift; sourceTree = "<group>"; };
		22BBF0E71EFD45BE00B5ECD4 /* Info.plist */ = {isa = PBXFileReference; lastKnownFileType = text.plist.xml; path = Info.plist; sourceTree = "<group>"; };
/* End PBXFileReference section */

/* Begin PBXFrameworksBuildPhase section */
		22BBF0BF1EFD45BD00B5ECD4 /* Frameworks */ = {
			isa = PBXFrameworksBuildPhase;
			buildActionMask = 2147483647;
			files = (
			);
			runOnlyForDeploymentPostprocessing = 0;
		};
		22BBF0D31EFD45BE00B5ECD4 /* Frameworks */ = {
			isa = PBXFrameworksBuildPhase;
			buildActionMask = 2147483647;
			files = (
			);
			runOnlyForDeploymentPostprocessing = 0;
		};
		22BBF0DE1EFD45BE00B5ECD4 /* Frameworks */ = {
			isa = PBXFrameworksBuildPhase;
			buildActionMask = 2147483647;
			files = (
			);
			runOnlyForDeploymentPostprocessing = 0;
		};
/* End PBXFrameworksBuildPhase section */

/* Begin PBXGroup section */
		22BBF0B91EFD45BD00B5ECD4 = {
			isa = PBXGroup;
			children = (
				22BBF0C41EFD45BD00B5ECD4 /* PHPWebServiceSwift */,
				22BBF0D91EFD45BE00B5ECD4 /* PHPWebServiceSwiftTests */,
				22BBF0E41EFD45BE00B5ECD4 /* PHPWebServiceSwiftUITests */,
				22BBF0C31EFD45BD00B5ECD4 /* Products */,
			);
			sourceTree = "<group>";
		};
		22BBF0C31EFD45BD00B5ECD4 /* Products */ = {
			isa = PBXGroup;
			children = (
				22BBF0C21EFD45BD00B5ECD4 /* PHPWebServiceSwift.app */,
				22BBF0D61EFD45BE00B5ECD4 /* PHPWebServiceSwiftTests.xctest */,
				22BBF0E11EFD45BE00B5ECD4 /* PHPWebServiceSwiftUITests.xctest */,
			);
			name = Products;
			sourceTree = "<group>";
		};
		22BBF0C41EFD45BD00B5ECD4 /* PHPWebServiceSwift */ = {
			isa = PBXGroup;
			children = (
				22BBF0C51EFD45BD00B5ECD4 /* AppDelegate.swift */,
				22BBF0C71EFD45BD00B5ECD4 /* ViewController.swift */,
				22BBF0C91EFD45BD00B5ECD4 /* Main.storyboard */,
				22BBF0CC1EFD45BD00B5ECD4 /* Assets.xcassets */,
				22BBF0CE1EFD45BD00B5ECD4 /* LaunchScreen.storyboard */,
				22BBF0D11EFD45BD00B5ECD4 /* Info.plist */,
			);
			path = PHPWebServiceSwift;
			sourceTree = "<group>";
		};
		22BBF0D91EFD45BE00B5ECD4 /* PHPWebServiceSwiftTests */ = {
			isa = PBXGroup;
			children = (
				22BBF0DA1EFD45BE00B5ECD4 /* PHPWebServiceSwiftTests.swift */,
				22BBF0DC1EFD45BE00B5ECD4 /* Info.plist */,
			);
			path = PHPWebServiceSwiftTests;
			sourceTree = "<group>";
		};
		22BBF0E41EFD45BE00B5ECD4 /* PHPWebServiceSwiftUITests */ = {
			isa = PBXGroup;
			children = (
				22BBF0E51EFD45BE00B5ECD4 /* PHPWebServiceSwiftUITests.swift */,
				22BBF0E71EFD45BE00B5ECD4 /* Info.plist */,
			);
			path = PHPWebServiceSwiftUITests;
			sourceTree = "<group>";
		};
/* End PBXGroup section */

/* Begin PBXNativeTarget section */
		22BBF0C11EFD45BD00B5ECD4 /* PHPWebServiceSwift */ = {
			isa = PBXNativeTarget;
			buildConfigurationList = 22BBF0EA1EFD45BE00B5ECD4 /* Build configuration list for PBXNativeTarget "PHPWebServiceSwift" */;
			buildPhases = (
				22BBF0BE1EFD45BD00B5ECD4 /* Sources */,
				22BBF0BF1EFD45BD00B5ECD4 /* Frameworks */,
				22BBF0C01EFD45BD00B5ECD4 /* Resources */,
			);
			buildRules = (
			);
			dependencies = (
			);
			name = PHPWebServiceSwift;
			productName = PHPWebServiceSwift;
			productReference = 22BBF0C21EFD45BD00B5ECD4 /* PHPWebServiceSwift.app */;
			productType = "com.apple.product-type.application";
		};
		22BBF0D51EFD45BE00B5ECD4 /* PHPWebServiceSwiftTests */ = {
			isa = PBXNativeTarget;
			buildConfigurationList = 22BBF0ED1EFD45BE00B5ECD4 /* Build configuration list for PBXNativeTarget "PHPWebServiceSwiftTests" */;
			buildPhases = (
				22BBF0D21EFD45BE00B5ECD4 /* Sources */,
				22BBF0D31EFD45BE00B5ECD4 /* Frameworks */,
				22BBF0D41EFD45BE00B5ECD4 /* Resources */,
			);
			buildRules = (
			);
			dependencies = (
				22BBF0D81EFD45BE00B5ECD4 /* PBXTargetDependency */,
			);
			name = PHPWebServiceSwiftTests;
			productName = PHPWebServiceSwiftTests;
			productReference = 22BBF0D61EFD45BE00B5ECD4 /* PHPWebServiceSwiftTests.xctest */;
			productType = "com.apple.product-type.bundle.unit-test";
		};
		22BBF0E01EFD45BE00B5ECD4 /* PHPWebServiceSwiftUITests */ = {
			isa = PBXNativeTarget;
			buildConfigurationList = 22BBF0F01EFD45BE00B5ECD4 /* Build configuration list for PBXNativeTarget "PHPWebServiceSwiftUITests" */;
			buildPhases = (
				22BBF0DD1EFD45BE00B5ECD4 /* Sources */,
				22BBF0DE1EFD45BE00B5ECD4 /* Frameworks */,
				22BBF0DF1EFD45BE00B5ECD4 /* Resources */,
			);
			buildRules = (
			);
			dependencies = (
				22BBF0E31EFD45BE00B5ECD4 /* PBXTargetDependency */,
			);
			name = PHPWebServiceSwiftUITests;
			productName = PHPWebServiceSwiftUITests;
			productReference = 22BBF0E11EFD45BE00B5ECD4 /* PHPWebServiceSwiftUITests.xctest */;
			productType = "com.apple.product-type.bundle.ui-testing";
		};
/* End PBXNativeTarget section */

/* Begin PBXProject section */
		22BBF0BA1EFD45BD00B5ECD4 /* Project object */ = {
			isa = PBXProject;
			attributes = {
				LastSwiftUpdateCheck = 0810;
				LastUpgradeCheck = 0810;
				ORGANIZATIONNAME = "MAC OS";
				TargetAttributes = {
					22BBF0C11EFD45BD00B5ECD4 = {
						CreatedOnToolsVersion = 8.1;
						ProvisioningStyle = Automatic;
					};
					22BBF0D51EFD45BE00B5ECD4 = {
						CreatedOnToolsVersion = 8.1;
						ProvisioningStyle = Automatic;
						TestTargetID = 22BBF0C11EFD45BD00B5ECD4;
					};
					22BBF0E01EFD45BE00B5ECD4 = {
						CreatedOnToolsVersion = 8.1;
						ProvisioningStyle = Automatic;
						TestTargetID = 22BBF0C11EFD45BD00B5ECD4;
					};
				};
			};
			buildConfigurationList = 22BBF0BD1EFD45BD00B5ECD4 /* Build configuration list for PBXProject "PHPWebServiceSwift" */;
			compatibilityVersion = "Xcode 3.2";
			developmentRegion = English;
			hasScannedForEncodings = 0;
			knownRegions = (
				en,
				Base,
			);
			mainGroup = 22BBF0B91EFD45BD00B5ECD4;
			productRefGroup = 22BBF0C31EFD45BD00B5ECD4 /* Products */;
			projectDirPath = "";
			projectRoot = "";
			targets = (
				22BBF0C11EFD45BD00B5ECD4 /* PHPWebServiceSwift */,
				22BBF0D51EFD45BE00B5ECD4 /* PHPWebServiceSwiftTests */,
				22BBF0E01EFD45BE00B5ECD4 /* PHPWebServiceSwiftUITests */,
			);
		};
/* End PBXProject section */

/* Begin PBXResourcesBuildPhase section */
		22BBF0C01EFD45BD00B5ECD4 /* Resources */ = {
			isa = PBXResourcesBuildPhase;
			buildActionMask = 2147483647;
			files = (
				22BBF0D01EFD45BD00B5ECD4 /* LaunchScreen.storyboard in Resources */,
				22BBF0CD1EFD45BD00B5ECD4 /* Assets.xcassets in Resources */,
				22BBF0CB1EFD45BD00B5ECD4 /* Main.storyboard in Resources */,
			);
			runOnlyForDeploymentPostprocessing = 0;
		};
		22BBF0D41EFD45BE00B5ECD4 /* Resources */ = {
			isa = PBXResourcesBuildPhase;
			buildActionMask = 2147483647;
			files = (
			);
			runOnlyForDeploymentPostprocessing = 0;
		};
		22BBF0DF1EFD45BE00B5ECD4 /* Resources */ = {
			isa = PBXResourcesBuildPhase;
			buildActionMask = 2147483647;
			files = (
			);
			runOnlyForDeploymentPostprocessing = 0;
		};
/* End PBXResourcesBuildPhase section */

/* Begin PBXSourcesBuildPhase section */
		22BBF0BE1EFD45BD00B5ECD4 /* Sources */ = {
			isa = PBXSourcesBuildPhase;
			buildActionMask = 2147483647;
			files = (
				22BBF0C81EFD45BD00B5ECD4 /* ViewController.swift in Sources */,
				22BBF0C61EFD45BD00B5ECD4 /* AppDelegate.swift in Sources */,
			);
			runOnlyForDeploymentPostprocessing = 0;
		};
		22BBF0D21EFD45BE00B5ECD4 /* Sources */ = {
			isa = PBXSourcesBuildPhase;
			buildActionMask = 2147483647;
			files = (
				22BBF0DB1EFD45BE00B5ECD4 /* PHPWebServiceSwiftTests.swift in Sources */,
			);
			runOnlyForDeploymentPostprocessing = 0;
		};
		22BBF0DD1EFD45BE00B5ECD4 /* Sources */ = {
			isa = PBXSourcesBuildPhase;
			buildActionMask = 2147483647;
			files = (
				22BBF0E61EFD45BE00B5ECD4 /* PHPWebServiceSwiftUITests.swift in Sources */,
			);
			runOnlyForDeploymentPostprocessing = 0;
		};
/* End PBXSourcesBuildPhase section */

/* Begin PBXTargetDependency section */
		22BBF0D81EFD45BE00B5ECD4 /* PBXTargetDependency */ = {
			isa = PBXTargetDependency;
			target = 22BBF0C11EFD45BD00B5ECD4 /* PHPWebServiceSwift */;
			targetProxy = 22BBF0D71EFD45BE00B5ECD4 /* PBXContainerItemProxy */;
		};
		22BBF0E31EFD45BE00B5ECD4 /* PBXTargetDependency */ = {
			isa = PBXTargetDependency;
			target = 22BBF0C11EFD45BD00B5ECD4 /* PHPWebServiceSwift */;
			targetProxy = 22BBF0E21EFD45BE00B5ECD4 /* PBXContainerItemProxy */;
		};
/* End PBXTargetDependency section */

/* Begin PBXVariantGroup section */
		22BBF0C91EFD45BD00B5ECD4 /* Main.storyboard */ = {
			isa = PBXVariantGroup;
			children = (
				22BBF0CA1EFD45BD00B5ECD4 /* Base */,
			);
			name = Main.storyboard;
			sourceTree = "<group>";
		};
		22BBF0CE1EFD45BD00B5ECD4 /* LaunchScreen.storyboard */ = {
			isa = PBXVariantGroup;
			children = (
				22BBF0CF1EFD45BD00B5ECD4 /* Base */,
			);
			name = LaunchScreen.storyboard;
			sourceTree = "<group>";
		};
/* End PBXVariantGroup section */

/* Begin XCBuildConfiguration section */
		22BBF0E81EFD45BE00B5ECD4 /* Debug */ = {
			isa = XCBuildConfiguration;
			buildSettings = {
				ALWAYS_SEARCH_USER_PATHS = NO;
				CLANG_ANALYZER_NONNULL = YES;
				CLANG_CXX_LANGUAGE_STANDARD = "gnu++0x";
				CLANG_CXX_LIBRARY = "libc++";
				CLANG_ENABLE_MODULES = YES;
				CLANG_ENABLE_OBJC_ARC = YES;
				CLANG_WARN_BOOL_CONVERSION = YES;
				CLANG_WARN_CONSTANT_CONVERSION = YES;
				CLANG_WARN_DIRECT_OBJC_ISA_USAGE = YES_ERROR;
				CLANG_WARN_DOCUMENTATION_COMMENTS = YES;
				CLANG_WARN_EMPTY_BODY = YES;
				CLANG_WARN_ENUM_CONVERSION = YES;
				CLANG_WARN_INFINITE_RECURSION = YES;
				CLANG_WARN_INT_CONVERSION = YES;
				CLANG_WARN_OBJC_ROOT_CLASS = YES_ERROR;
				CLANG_WARN_SUSPICIOUS_MOVES = YES;
				CLANG_WARN_UNREACHABLE_CODE = YES;
				CLANG_WARN__DUPLICATE_METHOD_MATCH = YES;
				"CODE_SIGN_IDENTITY[sdk=iphoneos*]" = "iPhone Developer";
				COPY_PHASE_STRIP = NO;
				DEBUG_INFORMATION_FORMAT = dwarf;
				ENABLE_STRICT_OBJC_MSGSEND = YES;
				ENABLE_TESTABILITY = YES;
				GCC_C_LANGUAGE_STANDARD = gnu99;
				GCC_DYNAMIC_NO_PIC = NO;
				GCC_NO_COMMON_BLOCKS = YES;
				GCC_OPTIMIZATION_LEVEL = 0;
				GCC_PREPROCESSOR_DEFINITIONS = (
					"DEBUG=1",
					"$(inherited)",
				);
				GCC_WARN_64_TO_32_BIT_CONVERSION = YES;
				GCC_WARN_ABOUT_RETURN_TYPE = YES_ERROR;
				GCC_WARN_UNDECLARED_SELECTOR = YES;
				GCC_WARN_UNINITIALIZED_AUTOS = YES_AGGRESSIVE;
				GCC_WARN_UNUSED_FUNCTION = YES;
				GCC_WARN_UNUSED_VARIABLE = YES;
				IPHONEOS_DEPLOYMENT_TARGET = 10.1;
				MTL_ENABLE_DEBUG_INFO = YES;
				ONLY_ACTIVE_ARCH = YES;
				SDKROOT = iphoneos;
				SWIFT_ACTIVE_COMPILATION_CONDITIONS = DEBUG;
				SWIFT_OPTIMIZATION_LEVEL = "-Onone";
			};
			name = Debug;
		};
		22BBF0E91EFD45BE00B5ECD4 /* Release */ = {
			isa = XCBuildConfiguration;
			buildSettings = {
				ALWAYS_SEARCH_USER_PATHS = NO;
				CLANG_ANALYZER_NONNULL = YES;
				CLANG_CXX_LANGUAGE_STANDARD = "gnu++0x";
				CLANG_CXX_LIBRARY = "libc++";
				CLANG_ENABLE_MODULES = YES;
				CLANG_ENABLE_OBJC_ARC = YES;
				CLANG_WARN_BOOL_CONVERSION = YES;
				CLANG_WARN_CONSTANT_CONVERSION = YES;
				CLANG_WARN_DIRECT_OBJC_ISA_USAGE = YES_ERROR;
				CLANG_WARN_DOCUMENTATION_COMMENTS = YES;
				CLANG_WARN_EMPTY_BODY = YES;
				CLANG_WARN_ENUM_CONVERSION = YES;
				CLANG_WARN_INFINITE_RECURSION = YES;
				CLANG_WARN_INT_CONVERSION = YES;
				CLANG_WARN_OBJC_ROOT_CLASS = YES_ERROR;
				CLANG_WARN_SUSPICIOUS_MOVES = YES;
				CLANG_WARN_UNREACHABLE_CODE = YES;
				CLANG_WARN__DUPLICATE_METHOD_MATCH = YES;
				"CODE_SIGN_IDENTITY[sdk=iphoneos*]" = "iPhone Developer";
				COPY_PHASE_STRIP = NO;
				DEBUG_INFORMATION_FORMAT = "dwarf-with-dsym";
				ENABLE_NS_ASSERTIONS = NO;
				ENABLE_STRICT_OBJC_MSGSEND = YES;
				GCC_C_LANGUAGE_STANDARD = gnu99;
				GCC_NO_COMMON_BLOCKS = YES;
				GCC_WARN_64_TO_32_BIT_CONVERSION = YES;
				GCC_WARN_ABOUT_RETURN_TYPE = YES_ERROR;
				GCC_WARN_UNDECLARED_SELECTOR = YES;
				GCC_WARN_UNINITIALIZED_AUTOS = YES_AGGRESSIVE;
				GCC_WARN_UNUSED_FUNCTION = YES;
				GCC_WARN_UNUSED_VARIABLE = YES;
				IPHONEOS_DEPLOYMENT_TARGET = 10.1;
				MTL_ENABLE_DEBUG_INFO = NO;
				SDKROOT = iphoneos;
				SWIFT_OPTIMIZATION_LEVEL = "-Owholemodule";
				VALIDATE_PRODUCT = YES;
			};
			name = Release;
		};
		22BBF0EB1EFD45BE00B5ECD4 /* Debug */ = {
			isa = XCBuildConfiguration;
			buildSettings = {
				ASSETCATALOG_COMPILER_APPICON_NAME = AppIcon;
				INFOPLIST_FILE = PHPWebServiceSwift/Info.plist;
				LD_RUNPATH_SEARCH_PATHS = "$(inherited) @executable_path/Frameworks";
				PRODUCT_BUNDLE_IDENTIFIER = tops.PHPWebServiceSwift;
				PRODUCT_NAME = "$(TARGET_NAME)";
				SWIFT_VERSION = 3.0;
			};
			name = Debug;
		};
		22BBF0EC1EFD45BE00B5ECD4 /* Release */ = {
			isa = XCBuildConfiguration;
			buildSettings = {
				ASSETCATALOG_COMPILER_APPICON_NAME = AppIcon;
				INFOPLIST_FILE = PHPWebServiceSwift/Info.plist;
				LD_RUNPATH_SEARCH_PATHS = "$(inherited) @executable_path/Frameworks";
				PRODUCT_BUNDLE_IDENTIFIER = tops.PHPWebServiceSwift;
				PRODUCT_NAME = "$(TARGET_NAME)";
				SWIFT_VERSION = 3.0;
			};
			name = Release;
		};
		22BBF0EE1EFD45BE00B5ECD4 /* Debug */ = {
			isa = XCBuildConfiguration;
			buildSettings = {
				ALWAYS_EMBED_SWIFT_STANDARD_LIBRARIES = YES;
				BUNDLE_LOADER = "$(TEST_HOST)";
				INFOPLIST_FILE = PHPWebServiceSwiftTests/Info.plist;
				LD_RUNPATH_SEARCH_PATHS = "$(inherited) @executable_path/Frameworks @loader_path/Frameworks";
				PRODUCT_BUNDLE_IDENTIFIER = tops.PHPWebServiceSwiftTests;
				PRODUCT_NAME = "$(TARGET_NAME)";
				SWIFT_VERSION = 3.0;
				TEST_HOST = "$(BUILT_PRODUCTS_DIR)/PHPWebServiceSwift.app/PHPWebServiceSwift";
			};
			name = Debug;
		};
		22BBF0EF1EFD45BE00B5ECD4 /* Release */ = {
			isa = XCBuildConfiguration;
			buildSettings = {
				ALWAYS_EMBED_SWIFT_STANDARD_LIBRARIES = YES;
				BUNDLE_LOADER = "$(TEST_HOST)";
				INFOPLIST_FILE = PHPWebServiceSwiftTests/Info.plist;
				LD_RUNPATH_SEARCH_PATHS = "$(inherited) @executable_path/Frameworks @loader_path/Frameworks";
				PRODUCT_BUNDLE_IDENTIFIER = tops.PHPWebServiceSwiftTests;
				PRODUCT_NAME = "$(TARGET_NAME)";
				SWIFT_VERSION = 3.0;
				TEST_HOST = "$(BUILT_PRODUCTS_DIR)/PHPWebServiceSwift.app/PHPWebServiceSwift";
			};
			name = Release;
		};
		22BBF0F11EFD45BE00B5ECD4 /* Debug */ = {
			isa = XCBuildConfiguration;
			buildSettings = {
				ALWAYS_EMBED_SWIFT_STANDARD_LIBRARIES = YES;
				INFOPLIST_FILE = PHPWebServiceSwiftUITests/Info.plist;
				LD_RUNPATH_SEARCH_PATHS = "$(inherited) @executable_path/Frameworks @loader_path/Frameworks";
				PRODUCT_BUNDLE_IDENTIFIER = tops.PHPWebServiceSwiftUITests;
				PRODUCT_NAME = "$(TARGET_NAME)";
				SWIFT_VERSION = 3.0;
				TEST_TARGET_NAME = PHPWebServiceSwift;
			};
			name = Debug;
		};
		22BBF0F21EFD45BE00B5ECD4 /* Release */ = {
			isa = XCBuildConfiguration;
			buildSettings = {
				ALWAYS_EMBED_SWIFT_STANDARD_LIBRARIES = YES;
				INFOPLIST_FILE = PHPWebServiceSwiftUITests/Info.plist;
				LD_RUNPATH_SEARCH_PATHS = "$(inherited) @executable_path/Frameworks @loader_path/Frameworks";
				PRODUCT_BUNDLE_IDENTIFIER = tops.PHPWebServiceSwiftUITests;
				PRODUCT_NAME = "$(TARGET_NAME)";
				SWIFT_VERSION = 3.0;
				TEST_TARGET_NAME = PHPWebServiceSwift;
			};
			name = Release;
		};
/* End XCBuildConfiguration section */

/* Begin XCConfigurationList section */
		22BBF0BD1EFD45BD00B5ECD4 /* Build configuration list for PBXProject "PHPWebServiceSwift" */ = {
			isa = XCConfigurationList;
			buildConfigurations = (
				22BBF0E81EFD45BE00B5ECD4 /* Debug */,
				22BBF0E91EFD45BE00B5ECD4 /* Release */,
			);
			defaultConfigurationIsVisible = 0;
			defaultConfigurationName = Release;
		};
		22BBF0EA1EFD45BE00B5ECD4 /* Build configuration list for PBXNativeTarget "PHPWebServiceSwift" */ = {
			isa = XCConfigurationList;
			buildConfigurations = (
				22BBF0EB1EFD45BE00B5ECD4 /* Debug */,
				22BBF0EC1EFD45BE00B5ECD4 /* Release */,
			);
			defaultConfigurationIsVisible = 0;
		};
		22BBF0ED1EFD45BE00B5ECD4 /* Build configuration list for PBXNativeTarget "PHPWebServiceSwiftTests" */ = {
			isa = XCConfigurationList;
			buildConfigurations = (
				22BBF0EE1EFD45BE00B5ECD4 /* Debug */,
				22BBF0EF1EFD45BE00B5ECD4 /* Release */,
			);
			defaultConfigurationIsVisible = 0;
		};
		22BBF0F01EFD45BE00B5ECD4 /* Build configuration list for PBXNativeTarget "PHPWebServiceSwiftUITests" */ = {
			isa = XCConfigurationList;
			buildConfigurations = (
				22BBF0F11EFD45BE00B5ECD4 /* Debug */,
				22BBF0F21EFD45BE00B5ECD4 /* Release */,
			);
			defaultConfigurationIsVisible = 0;
		};
/* End XCConfigurationList section */
	};
	rootObject = 22BBF0BA1EFD45BD00B5ECD4 /* Project object */;
}
