// !$*UTF8*$!
{
	archiveVersion = 1;
	classes = {
	};
	objectVersion = 46;
	objects = {

/* Begin PBXBuildFile section */
		228368E91EFA8528000BB050 /* AppDelegate.swift in Sources */ = {isa = PBXBuildFile; fileRef = 228368E81EFA8528000BB050 /* AppDelegate.swift */; };
		228368EB1EFA8528000BB050 /* ViewController.swift in Sources */ = {isa = PBXBuildFile; fileRef = 228368EA1EFA8528000BB050 /* ViewController.swift */; };
		228368EE1EFA8528000BB050 /* Main.storyboard in Resources */ = {isa = PBXBuildFile; fileRef = 228368EC1EFA8528000BB050 /* Main.storyboard */; };
		228368F01EFA8528000BB050 /* Assets.xcassets in Resources */ = {isa = PBXBuildFile; fileRef = 228368EF1EFA8528000BB050 /* Assets.xcassets */; };
		228368F31EFA8528000BB050 /* LaunchScreen.storyboard in Resources */ = {isa = PBXBuildFile; fileRef = 228368F11EFA8528000BB050 /* LaunchScreen.storyboard */; };
		228368FE1EFA8528000BB050 /* PushNotificationLocalSwiftTests.swift in Sources */ = {isa = PBXBuildFile; fileRef = 228368FD1EFA8528000BB050 /* PushNotificationLocalSwiftTests.swift */; };
		228369091EFA8528000BB050 /* PushNotificationLocalSwiftUITests.swift in Sources */ = {isa = PBXBuildFile; fileRef = 228369081EFA8528000BB050 /* PushNotificationLocalSwiftUITests.swift */; };
/* End PBXBuildFile section */

/* Begin PBXContainerItemProxy section */
		228368FA1EFA8528000BB050 /* PBXContainerItemProxy */ = {
			isa = PBXContainerItemProxy;
			containerPortal = 228368DD1EFA8528000BB050 /* Project object */;
			proxyType = 1;
			remoteGlobalIDString = 228368E41EFA8528000BB050;
			remoteInfo = PushNotificationLocalSwift;
		};
		228369051EFA8528000BB050 /* PBXContainerItemProxy */ = {
			isa = PBXContainerItemProxy;
			containerPortal = 228368DD1EFA8528000BB050 /* Project object */;
			proxyType = 1;
			remoteGlobalIDString = 228368E41EFA8528000BB050;
			remoteInfo = PushNotificationLocalSwift;
		};
/* End PBXContainerItemProxy section */

/* Begin PBXFileReference section */
		228368E51EFA8528000BB050 /* PushNotificationLocalSwift.app */ = {isa = PBXFileReference; explicitFileType = wrapper.application; includeInIndex = 0; path = PushNotificationLocalSwift.app; sourceTree = BUILT_PRODUCTS_DIR; };
		228368E81EFA8528000BB050 /* AppDelegate.swift */ = {isa = PBXFileReference; lastKnownFileType = sourcecode.swift; path = AppDelegate.swift; sourceTree = "<group>"; };
		228368EA1EFA8528000BB050 /* ViewController.swift */ = {isa = PBXFileReference; lastKnownFileType = sourcecode.swift; path = ViewController.swift; sourceTree = "<group>"; };
		228368ED1EFA8528000BB050 /* Base */ = {isa = PBXFileReference; lastKnownFileType = file.storyboard; name = Base; path = Base.lproj/Main.storyboard; sourceTree = "<group>"; };
		228368EF1EFA8528000BB050 /* Assets.xcassets */ = {isa = PBXFileReference; lastKnownFileType = folder.assetcatalog; path = Assets.xcassets; sourceTree = "<group>"; };
		228368F21EFA8528000BB050 /* Base */ = {isa = PBXFileReference; lastKnownFileType = file.storyboard; name = Base; path = Base.lproj/LaunchScreen.storyboard; sourceTree = "<group>"; };
		228368F41EFA8528000BB050 /* Info.plist */ = {isa = PBXFileReference; lastKnownFileType = text.plist.xml; path = Info.plist; sourceTree = "<group>"; };
		228368F91EFA8528000BB050 /* PushNotificationLocalSwiftTests.xctest */ = {isa = PBXFileReference; explicitFileType = wrapper.cfbundle; includeInIndex = 0; path = PushNotificationLocalSwiftTests.xctest; sourceTree = BUILT_PRODUCTS_DIR; };
		228368FD1EFA8528000BB050 /* PushNotificationLocalSwiftTests.swift */ = {isa = PBXFileReference; lastKnownFileType = sourcecode.swift; path = PushNotificationLocalSwiftTests.swift; sourceTree = "<group>"; };
		228368FF1EFA8528000BB050 /* Info.plist */ = {isa = PBXFileReference; lastKnownFileType = text.plist.xml; path = Info.plist; sourceTree = "<group>"; };
		228369041EFA8528000BB050 /* PushNotificationLocalSwiftUITests.xctest */ = {isa = PBXFileReference; explicitFileType = wrapper.cfbundle; includeInIndex = 0; path = PushNotificationLocalSwiftUITests.xctest; sourceTree = BUILT_PRODUCTS_DIR; };
		228369081EFA8528000BB050 /* PushNotificationLocalSwiftUITests.swift */ = {isa = PBXFileReference; lastKnownFileType = sourcecode.swift; path = PushNotificationLocalSwiftUITests.swift; sourceTree = "<group>"; };
		2283690A1EFA8528000BB050 /* Info.plist */ = {isa = PBXFileReference; lastKnownFileType = text.plist.xml; path = Info.plist; sourceTree = "<group>"; };
/* End PBXFileReference section */

/* Begin PBXFrameworksBuildPhase section */
		228368E21EFA8528000BB050 /* Frameworks */ = {
			isa = PBXFrameworksBuildPhase;
			buildActionMask = 2147483647;
			files = (
			);
			runOnlyForDeploymentPostprocessing = 0;
		};
		228368F61EFA8528000BB050 /* Frameworks */ = {
			isa = PBXFrameworksBuildPhase;
			buildActionMask = 2147483647;
			files = (
			);
			runOnlyForDeploymentPostprocessing = 0;
		};
		228369011EFA8528000BB050 /* Frameworks */ = {
			isa = PBXFrameworksBuildPhase;
			buildActionMask = 2147483647;
			files = (
			);
			runOnlyForDeploymentPostprocessing = 0;
		};
/* End PBXFrameworksBuildPhase section */

/* Begin PBXGroup section */
		228368DC1EFA8528000BB050 = {
			isa = PBXGroup;
			children = (
				228368E71EFA8528000BB050 /* PushNotificationLocalSwift */,
				228368FC1EFA8528000BB050 /* PushNotificationLocalSwiftTests */,
				228369071EFA8528000BB050 /* PushNotificationLocalSwiftUITests */,
				228368E61EFA8528000BB050 /* Products */,
			);
			sourceTree = "<group>";
		};
		228368E61EFA8528000BB050 /* Products */ = {
			isa = PBXGroup;
			children = (
				228368E51EFA8528000BB050 /* PushNotificationLocalSwift.app */,
				228368F91EFA8528000BB050 /* PushNotificationLocalSwiftTests.xctest */,
				228369041EFA8528000BB050 /* PushNotificationLocalSwiftUITests.xctest */,
			);
			name = Products;
			sourceTree = "<group>";
		};
		228368E71EFA8528000BB050 /* PushNotificationLocalSwift */ = {
			isa = PBXGroup;
			children = (
				228368E81EFA8528000BB050 /* AppDelegate.swift */,
				228368EA1EFA8528000BB050 /* ViewController.swift */,
				228368EC1EFA8528000BB050 /* Main.storyboard */,
				228368EF1EFA8528000BB050 /* Assets.xcassets */,
				228368F11EFA8528000BB050 /* LaunchScreen.storyboard */,
				228368F41EFA8528000BB050 /* Info.plist */,
			);
			path = PushNotificationLocalSwift;
			sourceTree = "<group>";
		};
		228368FC1EFA8528000BB050 /* PushNotificationLocalSwiftTests */ = {
			isa = PBXGroup;
			children = (
				228368FD1EFA8528000BB050 /* PushNotificationLocalSwiftTests.swift */,
				228368FF1EFA8528000BB050 /* Info.plist */,
			);
			path = PushNotificationLocalSwiftTests;
			sourceTree = "<group>";
		};
		228369071EFA8528000BB050 /* PushNotificationLocalSwiftUITests */ = {
			isa = PBXGroup;
			children = (
				228369081EFA8528000BB050 /* PushNotificationLocalSwiftUITests.swift */,
				2283690A1EFA8528000BB050 /* Info.plist */,
			);
			path = PushNotificationLocalSwiftUITests;
			sourceTree = "<group>";
		};
/* End PBXGroup section */

/* Begin PBXNativeTarget section */
		228368E41EFA8528000BB050 /* PushNotificationLocalSwift */ = {
			isa = PBXNativeTarget;
			buildConfigurationList = 2283690D1EFA8528000BB050 /* Build configuration list for PBXNativeTarget "PushNotificationLocalSwift" */;
			buildPhases = (
				228368E11EFA8528000BB050 /* Sources */,
				228368E21EFA8528000BB050 /* Frameworks */,
				228368E31EFA8528000BB050 /* Resources */,
			);
			buildRules = (
			);
			dependencies = (
			);
			name = PushNotificationLocalSwift;
			productName = PushNotificationLocalSwift;
			productReference = 228368E51EFA8528000BB050 /* PushNotificationLocalSwift.app */;
			productType = "com.apple.product-type.application";
		};
		228368F81EFA8528000BB050 /* PushNotificationLocalSwiftTests */ = {
			isa = PBXNativeTarget;
			buildConfigurationList = 228369101EFA8528000BB050 /* Build configuration list for PBXNativeTarget "PushNotificationLocalSwiftTests" */;
			buildPhases = (
				228368F51EFA8528000BB050 /* Sources */,
				228368F61EFA8528000BB050 /* Frameworks */,
				228368F71EFA8528000BB050 /* Resources */,
			);
			buildRules = (
			);
			dependencies = (
				228368FB1EFA8528000BB050 /* PBXTargetDependency */,
			);
			name = PushNotificationLocalSwiftTests;
			productName = PushNotificationLocalSwiftTests;
			productReference = 228368F91EFA8528000BB050 /* PushNotificationLocalSwiftTests.xctest */;
			productType = "com.apple.product-type.bundle.unit-test";
		};
		228369031EFA8528000BB050 /* PushNotificationLocalSwiftUITests */ = {
			isa = PBXNativeTarget;
			buildConfigurationList = 228369131EFA8528000BB050 /* Build configuration list for PBXNativeTarget "PushNotificationLocalSwiftUITests" */;
			buildPhases = (
				228369001EFA8528000BB050 /* Sources */,
				228369011EFA8528000BB050 /* Frameworks */,
				228369021EFA8528000BB050 /* Resources */,
			);
			buildRules = (
			);
			dependencies = (
				228369061EFA8528000BB050 /* PBXTargetDependency */,
			);
			name = PushNotificationLocalSwiftUITests;
			productName = PushNotificationLocalSwiftUITests;
			productReference = 228369041EFA8528000BB050 /* PushNotificationLocalSwiftUITests.xctest */;
			productType = "com.apple.product-type.bundle.ui-testing";
		};
/* End PBXNativeTarget section */

/* Begin PBXProject section */
		228368DD1EFA8528000BB050 /* Project object */ = {
			isa = PBXProject;
			attributes = {
				LastSwiftUpdateCheck = 0810;
				LastUpgradeCheck = 0810;
				ORGANIZATIONNAME = "MAC OS";
				TargetAttributes = {
					228368E41EFA8528000BB050 = {
						CreatedOnToolsVersion = 8.1;
						ProvisioningStyle = Automatic;
					};
					228368F81EFA8528000BB050 = {
						CreatedOnToolsVersion = 8.1;
						ProvisioningStyle = Automatic;
						TestTargetID = 228368E41EFA8528000BB050;
					};
					228369031EFA8528000BB050 = {
						CreatedOnToolsVersion = 8.1;
						ProvisioningStyle = Automatic;
						TestTargetID = 228368E41EFA8528000BB050;
					};
				};
			};
			buildConfigurationList = 228368E01EFA8528000BB050 /* Build configuration list for PBXProject "PushNotificationLocalSwift" */;
			compatibilityVersion = "Xcode 3.2";
			developmentRegion = English;
			hasScannedForEncodings = 0;
			knownRegions = (
				en,
				Base,
			);
			mainGroup = 228368DC1EFA8528000BB050;
			productRefGroup = 228368E61EFA8528000BB050 /* Products */;
			projectDirPath = "";
			projectRoot = "";
			targets = (
				228368E41EFA8528000BB050 /* PushNotificationLocalSwift */,
				228368F81EFA8528000BB050 /* PushNotificationLocalSwiftTests */,
				228369031EFA8528000BB050 /* PushNotificationLocalSwiftUITests */,
			);
		};
/* End PBXProject section */

/* Begin PBXResourcesBuildPhase section */
		228368E31EFA8528000BB050 /* Resources */ = {
			isa = PBXResourcesBuildPhase;
			buildActionMask = 2147483647;
			files = (
				228368F31EFA8528000BB050 /* LaunchScreen.storyboard in Resources */,
				228368F01EFA8528000BB050 /* Assets.xcassets in Resources */,
				228368EE1EFA8528000BB050 /* Main.storyboard in Resources */,
			);
			runOnlyForDeploymentPostprocessing = 0;
		};
		228368F71EFA8528000BB050 /* Resources */ = {
			isa = PBXResourcesBuildPhase;
			buildActionMask = 2147483647;
			files = (
			);
			runOnlyForDeploymentPostprocessing = 0;
		};
		228369021EFA8528000BB050 /* Resources */ = {
			isa = PBXResourcesBuildPhase;
			buildActionMask = 2147483647;
			files = (
			);
			runOnlyForDeploymentPostprocessing = 0;
		};
/* End PBXResourcesBuildPhase section */

/* Begin PBXSourcesBuildPhase section */
		228368E11EFA8528000BB050 /* Sources */ = {
			isa = PBXSourcesBuildPhase;
			buildActionMask = 2147483647;
			files = (
				228368EB1EFA8528000BB050 /* ViewController.swift in Sources */,
				228368E91EFA8528000BB050 /* AppDelegate.swift in Sources */,
			);
			runOnlyForDeploymentPostprocessing = 0;
		};
		228368F51EFA8528000BB050 /* Sources */ = {
			isa = PBXSourcesBuildPhase;
			buildActionMask = 2147483647;
			files = (
				228368FE1EFA8528000BB050 /* PushNotificationLocalSwiftTests.swift in Sources */,
			);
			runOnlyForDeploymentPostprocessing = 0;
		};
		228369001EFA8528000BB050 /* Sources */ = {
			isa = PBXSourcesBuildPhase;
			buildActionMask = 2147483647;
			files = (
				228369091EFA8528000BB050 /* PushNotificationLocalSwiftUITests.swift in Sources */,
			);
			runOnlyForDeploymentPostprocessing = 0;
		};
/* End PBXSourcesBuildPhase section */

/* Begin PBXTargetDependency section */
		228368FB1EFA8528000BB050 /* PBXTargetDependency */ = {
			isa = PBXTargetDependency;
			target = 228368E41EFA8528000BB050 /* PushNotificationLocalSwift */;
			targetProxy = 228368FA1EFA8528000BB050 /* PBXContainerItemProxy */;
		};
		228369061EFA8528000BB050 /* PBXTargetDependency */ = {
			isa = PBXTargetDependency;
			target = 228368E41EFA8528000BB050 /* PushNotificationLocalSwift */;
			targetProxy = 228369051EFA8528000BB050 /* PBXContainerItemProxy */;
		};
/* End PBXTargetDependency section */

/* Begin PBXVariantGroup section */
		228368EC1EFA8528000BB050 /* Main.storyboard */ = {
			isa = PBXVariantGroup;
			children = (
				228368ED1EFA8528000BB050 /* Base */,
			);
			name = Main.storyboard;
			sourceTree = "<group>";
		};
		228368F11EFA8528000BB050 /* LaunchScreen.storyboard */ = {
			isa = PBXVariantGroup;
			children = (
				228368F21EFA8528000BB050 /* Base */,
			);
			name = LaunchScreen.storyboard;
			sourceTree = "<group>";
		};
/* End PBXVariantGroup section */

/* Begin XCBuildConfiguration section */
		2283690B1EFA8528000BB050 /* Debug */ = {
			isa = XCBuildConfiguration;
			buildSettings = {
				ALWAYS_SEARCH_USER_PATHS = NO;
				CLANG_ANALYZER_NONNULL = YES;
				CLANG_CXX_LANGUAGE_STANDARD = "gnu++0x";
				CLANG_CXX_LIBRARY = "libc++";
				CLANG_ENABLE_MODULES = YES;
				CLANG_ENABLE_OBJC_ARC = YES;
				CLANG_WARN_BOOL_CONVERSION = YES;
				CLANG_WARN_CONSTANT_CONVERSION = YES;
				CLANG_WARN_DIRECT_OBJC_ISA_USAGE = YES_ERROR;
				CLANG_WARN_DOCUMENTATION_COMMENTS = YES;
				CLANG_WARN_EMPTY_BODY = YES;
				CLANG_WARN_ENUM_CONVERSION = YES;
				CLANG_WARN_INFINITE_RECURSION = YES;
				CLANG_WARN_INT_CONVERSION = YES;
				CLANG_WARN_OBJC_ROOT_CLASS = YES_ERROR;
				CLANG_WARN_SUSPICIOUS_MOVES = YES;
				CLANG_WARN_UNREACHABLE_CODE = YES;
				CLANG_WARN__DUPLICATE_METHOD_MATCH = YES;
				"CODE_SIGN_IDENTITY[sdk=iphoneos*]" = "iPhone Developer";
				COPY_PHASE_STRIP = NO;
				DEBUG_INFORMATION_FORMAT = dwarf;
				ENABLE_STRICT_OBJC_MSGSEND = YES;
				ENABLE_TESTABILITY = YES;
				GCC_C_LANGUAGE_STANDARD = gnu99;
				GCC_DYNAMIC_NO_PIC = NO;
				GCC_NO_COMMON_BLOCKS = YES;
				GCC_OPTIMIZATION_LEVEL = 0;
				GCC_PREPROCESSOR_DEFINITIONS = (
					"DEBUG=1",
					"$(inherited)",
				);
				GCC_WARN_64_TO_32_BIT_CONVERSION = YES;
				GCC_WARN_ABOUT_RETURN_TYPE = YES_ERROR;
				GCC_WARN_UNDECLARED_SELECTOR = YES;
				GCC_WARN_UNINITIALIZED_AUTOS = YES_AGGRESSIVE;
				GCC_WARN_UNUSED_FUNCTION = YES;
				GCC_WARN_UNUSED_VARIABLE = YES;
				IPHONEOS_DEPLOYMENT_TARGET = 10.1;
				MTL_ENABLE_DEBUG_INFO = YES;
				ONLY_ACTIVE_ARCH = YES;
				SDKROOT = iphoneos;
				SWIFT_ACTIVE_COMPILATION_CONDITIONS = DEBUG;
				SWIFT_OPTIMIZATION_LEVEL = "-Onone";
			};
			name = Debug;
		};
		2283690C1EFA8528000BB050 /* Release */ = {
			isa = XCBuildConfiguration;
			buildSettings = {
				ALWAYS_SEARCH_USER_PATHS = NO;
				CLANG_ANALYZER_NONNULL = YES;
				CLANG_CXX_LANGUAGE_STANDARD = "gnu++0x";
				CLANG_CXX_LIBRARY = "libc++";
				CLANG_ENABLE_MODULES = YES;
				CLANG_ENABLE_OBJC_ARC = YES;
				CLANG_WARN_BOOL_CONVERSION = YES;
				CLANG_WARN_CONSTANT_CONVERSION = YES;
				CLANG_WARN_DIRECT_OBJC_ISA_USAGE = YES_ERROR;
				CLANG_WARN_DOCUMENTATION_COMMENTS = YES;
				CLANG_WARN_EMPTY_BODY = YES;
				CLANG_WARN_ENUM_CONVERSION = YES;
				CLANG_WARN_INFINITE_RECURSION = YES;
				CLANG_WARN_INT_CONVERSION = YES;
				CLANG_WARN_OBJC_ROOT_CLASS = YES_ERROR;
				CLANG_WARN_SUSPICIOUS_MOVES = YES;
				CLANG_WARN_UNREACHABLE_CODE = YES;
				CLANG_WARN__DUPLICATE_METHOD_MATCH = YES;
				"CODE_SIGN_IDENTITY[sdk=iphoneos*]" = "iPhone Developer";
				COPY_PHASE_STRIP = NO;
				DEBUG_INFORMATION_FORMAT = "dwarf-with-dsym";
				ENABLE_NS_ASSERTIONS = NO;
				ENABLE_STRICT_OBJC_MSGSEND = YES;
				GCC_C_LANGUAGE_STANDARD = gnu99;
				GCC_NO_COMMON_BLOCKS = YES;
				GCC_WARN_64_TO_32_BIT_CONVERSION = YES;
				GCC_WARN_ABOUT_RETURN_TYPE = YES_ERROR;
				GCC_WARN_UNDECLARED_SELECTOR = YES;
				GCC_WARN_UNINITIALIZED_AUTOS = YES_AGGRESSIVE;
				GCC_WARN_UNUSED_FUNCTION = YES;
				GCC_WARN_UNUSED_VARIABLE = YES;
				IPHONEOS_DEPLOYMENT_TARGET = 10.1;
				MTL_ENABLE_DEBUG_INFO = NO;
				SDKROOT = iphoneos;
				SWIFT_OPTIMIZATION_LEVEL = "-Owholemodule";
				VALIDATE_PRODUCT = YES;
			};
			name = Release;
		};
		2283690E1EFA8528000BB050 /* Debug */ = {
			isa = XCBuildConfiguration;
			buildSettings = {
				ASSETCATALOG_COMPILER_APPICON_NAME = AppIcon;
				INFOPLIST_FILE = PushNotificationLocalSwift/Info.plist;
				LD_RUNPATH_SEARCH_PATHS = "$(inherited) @executable_path/Frameworks";
				PRODUCT_BUNDLE_IDENTIFIER = tops.PushNotificationLocalSwift;
				PRODUCT_NAME = "$(TARGET_NAME)";
				SWIFT_VERSION = 3.0;
			};
			name = Debug;
		};
		2283690F1EFA8528000BB050 /* Release */ = {
			isa = XCBuildConfiguration;
			buildSettings = {
				ASSETCATALOG_COMPILER_APPICON_NAME = AppIcon;
				INFOPLIST_FILE = PushNotificationLocalSwift/Info.plist;
				LD_RUNPATH_SEARCH_PATHS = "$(inherited) @executable_path/Frameworks";
				PRODUCT_BUNDLE_IDENTIFIER = tops.PushNotificationLocalSwift;
				PRODUCT_NAME = "$(TARGET_NAME)";
				SWIFT_VERSION = 3.0;
			};
			name = Release;
		};
		228369111EFA8528000BB050 /* Debug */ = {
			isa = XCBuildConfiguration;
			buildSettings = {
				ALWAYS_EMBED_SWIFT_STANDARD_LIBRARIES = YES;
				BUNDLE_LOADER = "$(TEST_HOST)";
				INFOPLIST_FILE = PushNotificationLocalSwiftTests/Info.plist;
				LD_RUNPATH_SEARCH_PATHS = "$(inherited) @executable_path/Frameworks @loader_path/Frameworks";
				PRODUCT_BUNDLE_IDENTIFIER = tops.PushNotificationLocalSwiftTests;
				PRODUCT_NAME = "$(TARGET_NAME)";
				SWIFT_VERSION = 3.0;
				TEST_HOST = "$(BUILT_PRODUCTS_DIR)/PushNotificationLocalSwift.app/PushNotificationLocalSwift";
			};
			name = Debug;
		};
		228369121EFA8528000BB050 /* Release */ = {
			isa = XCBuildConfiguration;
			buildSettings = {
				ALWAYS_EMBED_SWIFT_STANDARD_LIBRARIES = YES;
				BUNDLE_LOADER = "$(TEST_HOST)";
				INFOPLIST_FILE = PushNotificationLocalSwiftTests/Info.plist;
				LD_RUNPATH_SEARCH_PATHS = "$(inherited) @executable_path/Frameworks @loader_path/Frameworks";
				PRODUCT_BUNDLE_IDENTIFIER = tops.PushNotificationLocalSwiftTests;
				PRODUCT_NAME = "$(TARGET_NAME)";
				SWIFT_VERSION = 3.0;
				TEST_HOST = "$(BUILT_PRODUCTS_DIR)/PushNotificationLocalSwift.app/PushNotificationLocalSwift";
			};
			name = Release;
		};
		228369141EFA8528000BB050 /* Debug */ = {
			isa = XCBuildConfiguration;
			buildSettings = {
				ALWAYS_EMBED_SWIFT_STANDARD_LIBRARIES = YES;
				INFOPLIST_FILE = PushNotificationLocalSwiftUITests/Info.plist;
				LD_RUNPATH_SEARCH_PATHS = "$(inherited) @executable_path/Frameworks @loader_path/Frameworks";
				PRODUCT_BUNDLE_IDENTIFIER = tops.PushNotificationLocalSwiftUITests;
				PRODUCT_NAME = "$(TARGET_NAME)";
				SWIFT_VERSION = 3.0;
				TEST_TARGET_NAME = PushNotificationLocalSwift;
			};
			name = Debug;
		};
		228369151EFA8528000BB050 /* Release */ = {
			isa = XCBuildConfiguration;
			buildSettings = {
				ALWAYS_EMBED_SWIFT_STANDARD_LIBRARIES = YES;
				INFOPLIST_FILE = PushNotificationLocalSwiftUITests/Info.plist;
				LD_RUNPATH_SEARCH_PATHS = "$(inherited) @executable_path/Frameworks @loader_path/Frameworks";
				PRODUCT_BUNDLE_IDENTIFIER = tops.PushNotificationLocalSwiftUITests;
				PRODUCT_NAME = "$(TARGET_NAME)";
				SWIFT_VERSION = 3.0;
				TEST_TARGET_NAME = PushNotificationLocalSwift;
			};
			name = Release;
		};
/* End XCBuildConfiguration section */

/* Begin XCConfigurationList section */
		228368E01EFA8528000BB050 /* Build configuration list for PBXProject "PushNotificationLocalSwift" */ = {
			isa = XCConfigurationList;
			buildConfigurations = (
				2283690B1EFA8528000BB050 /* Debug */,
				2283690C1EFA8528000BB050 /* Release */,
			);
			defaultConfigurationIsVisible = 0;
			defaultConfigurationName = Release;
		};
		2283690D1EFA8528000BB050 /* Build configuration list for PBXNativeTarget "PushNotificationLocalSwift" */ = {
			isa = XCConfigurationList;
			buildConfigurations = (
				2283690E1EFA8528000BB050 /* Debug */,
				2283690F1EFA8528000BB050 /* Release */,
			);
			defaultConfigurationIsVisible = 0;
		};
		228369101EFA8528000BB050 /* Build configuration list for PBXNativeTarget "PushNotificationLocalSwiftTests" */ = {
			isa = XCConfigurationList;
			buildConfigurations = (
				228369111EFA8528000BB050 /* Debug */,
				228369121EFA8528000BB050 /* Release */,
			);
			defaultConfigurationIsVisible = 0;
		};
		228369131EFA8528000BB050 /* Build configuration list for PBXNativeTarget "PushNotificationLocalSwiftUITests" */ = {
			isa = XCConfigurationList;
			buildConfigurations = (
				228369141EFA8528000BB050 /* Debug */,
				228369151EFA8528000BB050 /* Release */,
			);
			defaultConfigurationIsVisible = 0;
		};
/* End XCConfigurationList section */
	};
	rootObject = 228368DD1EFA8528000BB050 /* Project object */;
}
